
Microsoft Visual Studio Solution File, Format Version 12.00
# Visual Studio Version 17
VisualStudioVersion = 17.14.36401.2
MinimumVisualStudioVersion = 10.0.40219.1
Project("{8BC9CEB8-8B4A-11D0-8D11-00A0C91BC942}") = "Program", "Program.vcxproj", "{44EAE114-15D8-4649-9A83-1AAEB75A2888}"
EndProject
Project("{8BC9CEB8-8B4A-11D0-8D11-00A0C91BC942}") = "Class1st (Time)", "..\Class1st (Time)\Class1st (Time).vcxproj", "{96743A05-D92A-43B1-BD16-35406205F3DF}"
EndProject
Project("{8BC9CEB8-8B4A-11D0-8D11-00A0C91BC942}") = "Class 2nd (File infut & Ouput)", "..\Class 2nd (File infut & Ouput)\Class 2nd (File infut & Ouput).vcxproj", "{D68AB8B0-9078-4123-81AC-39BC9BC9410A}"
EndProject
Project("{8BC9CEB8-8B4A-11D0-8D11-00A0C91BC942}") = "Class3th (Input System)", "..\Class3th (Input System)\Class3th (Input System).vcxproj", "{A5C04A66-7D6C-47B1-848B-94AC5CD44592}"
EndProject
Project("{8BC9CEB8-8B4A-11D0-8D11-00A0C91BC942}") = "Class4th (Position System)", "..\Class4th (Position System)\Class4th (Position System).vcxproj", "{F2211A4B-8A96-448B-A762-61EB55222468}"
EndProject
Project("{8BC9CEB8-8B4A-11D0-8D11-00A0C91BC942}") = "Class5th (Double Buffer)", "..\Class5th (Double Buffer)\Class5th (Double Buffer).vcxproj", "{EA72C1DD-6FA1-4346-8A4A-FE0807D26DB7}"
EndProject
Project("{8BC9CEB8-8B4A-11D0-8D11-00A0C91BC942}") = "Class6th (Enumeration)", "..\Class6th (Enumeration)\Class6th (Enumeration).vcxproj", "{25F485C9-C0A0-41CB-AF86-C16DA5D16B81}"
EndProject
Global
	GlobalSection(SolutionConfigurationPlatforms) = preSolution
		Debug|x64 = Debug|x64
		Debug|x86 = Debug|x86
		Release|x64 = Release|x64
		Release|x86 = Release|x86
	EndGlobalSection
	GlobalSection(ProjectConfigurationPlatforms) = postSolution
		{44EAE114-15D8-4649-9A83-1AAEB75A2888}.Debug|x64.ActiveCfg = Debug|x64
		{44EAE114-15D8-4649-9A83-1AAEB75A2888}.Debug|x64.Build.0 = Debug|x64
		{44EAE114-15D8-4649-9A83-1AAEB75A2888}.Debug|x86.ActiveCfg = Debug|Win32
		{44EAE114-15D8-4649-9A83-1AAEB75A2888}.Debug|x86.Build.0 = Debug|Win32
		{44EAE114-15D8-4649-9A83-1AAEB75A2888}.Release|x64.ActiveCfg = Release|x64
		{44EAE114-15D8-4649-9A83-1AAEB75A2888}.Release|x64.Build.0 = Release|x64
		{44EAE114-15D8-4649-9A83-1AAEB75A2888}.Release|x86.ActiveCfg = Release|Win32
		{44EAE114-15D8-4649-9A83-1AAEB75A2888}.Release|x86.Build.0 = Release|Win32
		{96743A05-D92A-43B1-BD16-35406205F3DF}.Debug|x64.ActiveCfg = Debug|x64
		{96743A05-D92A-43B1-BD16-35406205F3DF}.Debug|x64.Build.0 = Debug|x64
		{96743A05-D92A-43B1-BD16-35406205F3DF}.Debug|x86.ActiveCfg = Debug|Win32
		{96743A05-D92A-43B1-BD16-35406205F3DF}.Debug|x86.Build.0 = Debug|Win32
		{96743A05-D92A-43B1-BD16-35406205F3DF}.Release|x64.ActiveCfg = Release|x64
		{96743A05-D92A-43B1-BD16-35406205F3DF}.Release|x64.Build.0 = Release|x64
		{96743A05-D92A-43B1-BD16-35406205F3DF}.Release|x86.ActiveCfg = Release|Win32
		{96743A05-D92A-43B1-BD16-35406205F3DF}.Release|x86.Build.0 = Release|Win32
		{D68AB8B0-9078-4123-81AC-39BC9BC9410A}.Debug|x64.ActiveCfg = Debug|x64
		{D68AB8B0-9078-4123-81AC-39BC9BC9410A}.Debug|x64.Build.0 = Debug|x64
		{D68AB8B0-9078-4123-81AC-39BC9BC9410A}.Debug|x86.ActiveCfg = Debug|Win32
		{D68AB8B0-9078-4123-81AC-39BC9BC9410A}.Debug|x86.Build.0 = Debug|Win32
		{D68AB8B0-9078-4123-81AC-39BC9BC9410A}.Release|x64.ActiveCfg = Release|x64
		{D68AB8B0-9078-4123-81AC-39BC9BC9410A}.Release|x64.Build.0 = Release|x64
		{D68AB8B0-9078-4123-81AC-39BC9BC9410A}.Release|x86.ActiveCfg = Release|Win32
		{D68AB8B0-9078-4123-81AC-39BC9BC9410A}.Release|x86.Build.0 = Release|Win32
		{A5C04A66-7D6C-47B1-848B-94AC5CD44592}.Debug|x64.ActiveCfg = Debug|x64
		{A5C04A66-7D6C-47B1-848B-94AC5CD44592}.Debug|x64.Build.0 = Debug|x64
		{A5C04A66-7D6C-47B1-848B-94AC5CD44592}.Debug|x86.ActiveCfg = Debug|Win32
		{A5C04A66-7D6C-47B1-848B-94AC5CD44592}.Debug|x86.Build.0 = Debug|Win32
		{A5C04A66-7D6C-47B1-848B-94AC5CD44592}.Release|x64.ActiveCfg = Release|x64
		{A5C04A66-7D6C-47B1-848B-94AC5CD44592}.Release|x64.Build.0 = Release|x64
		{A5C04A66-7D6C-47B1-848B-94AC5CD44592}.Release|x86.ActiveCfg = Release|Win32
		{A5C04A66-7D6C-47B1-848B-94AC5CD44592}.Release|x86.Build.0 = Release|Win32
		{F2211A4B-8A96-448B-A762-61EB55222468}.Debug|x64.ActiveCfg = Debug|x64
		{F2211A4B-8A96-448B-A762-61EB55222468}.Debug|x64.Build.0 = Debug|x64
		{F2211A4B-8A96-448B-A762-61EB55222468}.Debug|x86.ActiveCfg = Debug|Win32
		{F2211A4B-8A96-448B-A762-61EB55222468}.Debug|x86.Build.0 = Debug|Win32
		{F2211A4B-8A96-448B-A762-61EB55222468}.Release|x64.ActiveCfg = Release|x64
		{F2211A4B-8A96-448B-A762-61EB55222468}.Release|x64.Build.0 = Release|x64
		{F2211A4B-8A96-448B-A762-61EB55222468}.Release|x86.ActiveCfg = Release|Win32
		{F2211A4B-8A96-448B-A762-61EB55222468}.Release|x86.Build.0 = Release|Win32
		{EA72C1DD-6FA1-4346-8A4A-FE0807D26DB7}.Debug|x64.ActiveCfg = Debug|x64
		{EA72C1DD-6FA1-4346-8A4A-FE0807D26DB7}.Debug|x64.Build.0 = Debug|x64
		{EA72C1DD-6FA1-4346-8A4A-FE0807D26DB7}.Debug|x86.ActiveCfg = Debug|Win32
		{EA72C1DD-6FA1-4346-8A4A-FE0807D26DB7}.Debug|x86.Build.0 = Debug|Win32
		{EA72C1DD-6FA1-4346-8A4A-FE0807D26DB7}.Release|x64.ActiveCfg = Release|x64
		{EA72C1DD-6FA1-4346-8A4A-FE0807D26DB7}.Release|x64.Build.0 = Release|x64
		{EA72C1DD-6FA1-4346-8A4A-FE0807D26DB7}.Release|x86.ActiveCfg = Release|Win32
		{EA72C1DD-6FA1-4346-8A4A-FE0807D26DB7}.Release|x86.Build.0 = Release|Win32
		{25F485C9-C0A0-41CB-AF86-C16DA5D16B81}.Debug|x64.ActiveCfg = Debug|x64
		{25F485C9-C0A0-41CB-AF86-C16DA5D16B81}.Debug|x64.Build.0 = Debug|x64
		{25F485C9-C0A0-41CB-AF86-C16DA5D16B81}.Debug|x86.ActiveCfg = Debug|Win32
		{25F485C9-C0A0-41CB-AF86-C16DA5D16B81}.Debug|x86.Build.0 = Debug|Win32
		{25F485C9-C0A0-41CB-AF86-C16DA5D16B81}.Release|x64.ActiveCfg = Release|x64
		{25F485C9-C0A0-41CB-AF86-C16DA5D16B81}.Release|x64.Build.0 = Release|x64
		{25F485C9-C0A0-41CB-AF86-C16DA5D16B81}.Release|x86.ActiveCfg = Release|Win32
		{25F485C9-C0A0-41CB-AF86-C16DA5D16B81}.Release|x86.Build.0 = Release|Win32
	EndGlobalSection
	GlobalSection(SolutionProperties) = preSolution
		HideSolutionNode = FALSE
	EndGlobalSection
	GlobalSection(ExtensibilityGlobals) = postSolution
		SolutionGuid = {EAA2BED8-BCA9-400A-A8CC-FAB90AAC3F03}
	EndGlobalSection
EndGlobal
